
Microsoft Visual Studio Solution File, Format Version 12.00
# Visual Studio Version 17
VisualStudioVersion = 17.4.33205.214
MinimumVisualStudioVersion = 10.0.40219.1
Project("{FAE04EC0-301F-11D3-BF4B-00C04F79EFBC}") = "PingPong7", "PingPong7\PingPong7.csproj", "{27AFEC19-7969-4669-B87F-CD430961C8BE}"
EndProject
Global
	GlobalSection(SolutionConfigurationPlatforms) = preSolution
		Debug|Any CPU = Debug|Any CPU
		Release|Any CPU = Release|Any CPU
	EndGlobalSection
	GlobalSection(ProjectConfigurationPlatforms) = postSolution
		{27AFEC19-7969-4669-B87F-CD430961C8BE}.Debug|Any CPU.ActiveCfg = Debug|Any CPU
		{27AFEC19-7969-4669-B87F-CD430961C8BE}.Debug|Any CPU.Build.0 = Debug|Any CPU
		{27AFEC19-7969-4669-B87F-CD430961C8BE}.Release|Any CPU.ActiveCfg = Release|Any CPU
		{27AFEC19-7969-4669-B87F-CD430961C8BE}.Release|Any CPU.Build.0 = Release|Any CPU
	EndGlobalSection
	GlobalSection(SolutionProperties) = preSolution
		HideSolutionNode = FALSE
	EndGlobalSection
	GlobalSection(ExtensibilityGlobals) = postSolution
		SolutionGuid = {326B402A-417C-4DD3-8B43-EFF14AA340D3}
	EndGlobalSection
EndGlobal
