
Microsoft Visual Studio Solution File, Format Version 12.00
# Visual Studio Version 16
VisualStudioVersion = 16.0.32413.511
MinimumVisualStudioVersion = 10.0.40219.1
Project("{FAE04EC0-301F-11D3-BF4B-00C04F79EFBC}") = "hihihi", "hihihi\hihihi.csproj", "{82740B75-22AE-4219-BD9D-446F0553D69E}"
EndProject
Global
	GlobalSection(SolutionConfigurationPlatforms) = preSolution
		Debug|Any CPU = Debug|Any CPU
		Release|Any CPU = Release|Any CPU
	EndGlobalSection
	GlobalSection(ProjectConfigurationPlatforms) = postSolution
		{82740B75-22AE-4219-BD9D-446F0553D69E}.Debug|Any CPU.ActiveCfg = Debug|Any CPU
		{82740B75-22AE-4219-BD9D-446F0553D69E}.Debug|Any CPU.Build.0 = Debug|Any CPU
		{82740B75-22AE-4219-BD9D-446F0553D69E}.Release|Any CPU.ActiveCfg = Release|Any CPU
		{82740B75-22AE-4219-BD9D-446F0553D69E}.Release|Any CPU.Build.0 = Release|Any CPU
	EndGlobalSection
	GlobalSection(SolutionProperties) = preSolution
		HideSolutionNode = FALSE
	EndGlobalSection
	GlobalSection(ExtensibilityGlobals) = postSolution
		SolutionGuid = {D707048B-A7B5-4799-8333-6B873619526F}
	EndGlobalSection
EndGlobal
